
Microsoft Visual Studio Solution File, Format Version 12.00
# Visual Studio 15
VisualStudioVersion = 15.0.27703.2035
MinimumVisualStudioVersion = 10.0.40219.1
Project("{FAE04EC0-301F-11D3-BF4B-00C04F79EFBC}") = "SweetKidsText.Android", "SweetKidsText\SweetKidsText.Android\SweetKidsText.Android.csproj", "{EB59F346-91A3-4820-9992-B20C8D8D53B3}"
EndProject
Project("{FAE04EC0-301F-11D3-BF4B-00C04F79EFBC}") = "SweetKidsText.iOS", "SweetKidsText\SweetKidsText.iOS\SweetKidsText.iOS.csproj", "{53A18596-51D9-40E6-B323-8259536BC276}"
EndProject
Project("{FAE04EC0-301F-11D3-BF4B-00C04F79EFBC}") = "SweetKidsText.UWP", "SweetKidsText\SweetKidsText.UWP\SweetKidsText.UWP.csproj", "{CAF1BC1E-90E1-4445-B529-B33C0F7FBCC8}"
EndProject
Project("{FAE04EC0-301F-11D3-BF4B-00C04F79EFBC}") = "SweetKidsText", "SweetKidsText\SweetKidsText\SweetKidsText.csproj", "{9B9B7AFD-673C-48A4-9823-31B46A970143}"
EndProject
Global
	GlobalSection(SolutionConfigurationPlatforms) = preSolution
		Debug|Any CPU = Debug|Any CPU
		Debug|ARM = Debug|ARM
		Debug|iPhone = Debug|iPhone
		Debug|iPhoneSimulator = Debug|iPhoneSimulator
		Debug|x64 = Debug|x64
		Debug|x86 = Debug|x86
		Release|Any CPU = Release|Any CPU
		Release|ARM = Release|ARM
		Release|iPhone = Release|iPhone
		Release|iPhoneSimulator = Release|iPhoneSimulator
		Release|x64 = Release|x64
		Release|x86 = Release|x86
	EndGlobalSection
	GlobalSection(ProjectConfigurationPlatforms) = postSolution
		{EB59F346-91A3-4820-9992-B20C8D8D53B3}.Debug|Any CPU.ActiveCfg = Debug|Any CPU
		{EB59F346-91A3-4820-9992-B20C8D8D53B3}.Debug|Any CPU.Build.0 = Debug|Any CPU
		{EB59F346-91A3-4820-9992-B20C8D8D53B3}.Debug|Any CPU.Deploy.0 = Debug|Any CPU
		{EB59F346-91A3-4820-9992-B20C8D8D53B3}.Debug|ARM.ActiveCfg = Debug|Any CPU
		{EB59F346-91A3-4820-9992-B20C8D8D53B3}.Debug|ARM.Build.0 = Debug|Any CPU
		{EB59F346-91A3-4820-9992-B20C8D8D53B3}.Debug|ARM.Deploy.0 = Debug|Any CPU
		{EB59F346-91A3-4820-9992-B20C8D8D53B3}.Debug|iPhone.ActiveCfg = Debug|Any CPU
		{EB59F346-91A3-4820-9992-B20C8D8D53B3}.Debug|iPhone.Build.0 = Debug|Any CPU
		{EB59F346-91A3-4820-9992-B20C8D8D53B3}.Debug|iPhone.Deploy.0 = Debug|Any CPU
		{EB59F346-91A3-4820-9992-B20C8D8D53B3}.Debug|iPhoneSimulator.ActiveCfg = Debug|Any CPU
		{EB59F346-91A3-4820-9992-B20C8D8D53B3}.Debug|iPhoneSimulator.Build.0 = Debug|Any CPU
		{EB59F346-91A3-4820-9992-B20C8D8D53B3}.Debug|iPhoneSimulator.Deploy.0 = Debug|Any CPU
		{EB59F346-91A3-4820-9992-B20C8D8D53B3}.Debug|x64.ActiveCfg = Debug|Any CPU
		{EB59F346-91A3-4820-9992-B20C8D8D53B3}.Debug|x64.Build.0 = Debug|Any CPU
		{EB59F346-91A3-4820-9992-B20C8D8D53B3}.Debug|x64.Deploy.0 = Debug|Any CPU
		{EB59F346-91A3-4820-9992-B20C8D8D53B3}.Debug|x86.ActiveCfg = Debug|Any CPU
		{EB59F346-91A3-4820-9992-B20C8D8D53B3}.Debug|x86.Build.0 = Debug|Any CPU
		{EB59F346-91A3-4820-9992-B20C8D8D53B3}.Debug|x86.Deploy.0 = Debug|Any CPU
		{EB59F346-91A3-4820-9992-B20C8D8D53B3}.Release|Any CPU.ActiveCfg = Release|Any CPU
		{EB59F346-91A3-4820-9992-B20C8D8D53B3}.Release|Any CPU.Build.0 = Release|Any CPU
		{EB59F346-91A3-4820-9992-B20C8D8D53B3}.Release|Any CPU.Deploy.0 = Release|Any CPU
		{EB59F346-91A3-4820-9992-B20C8D8D53B3}.Release|ARM.ActiveCfg = Release|Any CPU
		{EB59F346-91A3-4820-9992-B20C8D8D53B3}.Release|ARM.Build.0 = Release|Any CPU
		{EB59F346-91A3-4820-9992-B20C8D8D53B3}.Release|ARM.Deploy.0 = Release|Any CPU
		{EB59F346-91A3-4820-9992-B20C8D8D53B3}.Release|iPhone.ActiveCfg = Release|Any CPU
		{EB59F346-91A3-4820-9992-B20C8D8D53B3}.Release|iPhone.Build.0 = Release|Any CPU
		{EB59F346-91A3-4820-9992-B20C8D8D53B3}.Release|iPhone.Deploy.0 = Release|Any CPU
		{EB59F346-91A3-4820-9992-B20C8D8D53B3}.Release|iPhoneSimulator.ActiveCfg = Release|Any CPU
		{EB59F346-91A3-4820-9992-B20C8D8D53B3}.Release|iPhoneSimulator.Build.0 = Release|Any CPU
		{EB59F346-91A3-4820-9992-B20C8D8D53B3}.Release|iPhoneSimulator.Deploy.0 = Release|Any CPU
		{EB59F346-91A3-4820-9992-B20C8D8D53B3}.Release|x64.ActiveCfg = Release|Any CPU
		{EB59F346-91A3-4820-9992-B20C8D8D53B3}.Release|x64.Build.0 = Release|Any CPU
		{EB59F346-91A3-4820-9992-B20C8D8D53B3}.Release|x64.Deploy.0 = Release|Any CPU
		{EB59F346-91A3-4820-9992-B20C8D8D53B3}.Release|x86.ActiveCfg = Release|Any CPU
		{EB59F346-91A3-4820-9992-B20C8D8D53B3}.Release|x86.Build.0 = Release|Any CPU
		{EB59F346-91A3-4820-9992-B20C8D8D53B3}.Release|x86.Deploy.0 = Release|Any CPU
		{53A18596-51D9-40E6-B323-8259536BC276}.Debug|Any CPU.ActiveCfg = Debug|iPhoneSimulator
		{53A18596-51D9-40E6-B323-8259536BC276}.Debug|Any CPU.Build.0 = Debug|iPhoneSimulator
		{53A18596-51D9-40E6-B323-8259536BC276}.Debug|Any CPU.Deploy.0 = Debug|iPhoneSimulator
		{53A18596-51D9-40E6-B323-8259536BC276}.Debug|ARM.ActiveCfg = Debug|iPhone
		{53A18596-51D9-40E6-B323-8259536BC276}.Debug|ARM.Build.0 = Debug|iPhone
		{53A18596-51D9-40E6-B323-8259536BC276}.Debug|ARM.Deploy.0 = Debug|iPhone
		{53A18596-51D9-40E6-B323-8259536BC276}.Debug|iPhone.ActiveCfg = Debug|iPhone
		{53A18596-51D9-40E6-B323-8259536BC276}.Debug|iPhone.Build.0 = Debug|iPhone
		{53A18596-51D9-40E6-B323-8259536BC276}.Debug|iPhone.Deploy.0 = Debug|iPhone
		{53A18596-51D9-40E6-B323-8259536BC276}.Debug|iPhoneSimulator.ActiveCfg = Debug|iPhoneSimulator
		{53A18596-51D9-40E6-B323-8259536BC276}.Debug|iPhoneSimulator.Build.0 = Debug|iPhoneSimulator
		{53A18596-51D9-40E6-B323-8259536BC276}.Debug|iPhoneSimulator.Deploy.0 = Debug|iPhoneSimulator
		{53A18596-51D9-40E6-B323-8259536BC276}.Debug|x64.ActiveCfg = Debug|iPhone
		{53A18596-51D9-40E6-B323-8259536BC276}.Debug|x64.Build.0 = Debug|iPhone
		{53A18596-51D9-40E6-B323-8259536BC276}.Debug|x64.Deploy.0 = Debug|iPhone
		{53A18596-51D9-40E6-B323-8259536BC276}.Debug|x86.ActiveCfg = Debug|iPhone
		{53A18596-51D9-40E6-B323-8259536BC276}.Debug|x86.Build.0 = Debug|iPhone
		{53A18596-51D9-40E6-B323-8259536BC276}.Debug|x86.Deploy.0 = Debug|iPhone
		{53A18596-51D9-40E6-B323-8259536BC276}.Release|Any CPU.ActiveCfg = Release|iPhone
		{53A18596-51D9-40E6-B323-8259536BC276}.Release|Any CPU.Build.0 = Release|iPhone
		{53A18596-51D9-40E6-B323-8259536BC276}.Release|Any CPU.Deploy.0 = Release|iPhone
		{53A18596-51D9-40E6-B323-8259536BC276}.Release|ARM.ActiveCfg = Release|iPhone
		{53A18596-51D9-40E6-B323-8259536BC276}.Release|ARM.Build.0 = Release|iPhone
		{53A18596-51D9-40E6-B323-8259536BC276}.Release|ARM.Deploy.0 = Release|iPhone
		{53A18596-51D9-40E6-B323-8259536BC276}.Release|iPhone.ActiveCfg = Release|iPhone
		{53A18596-51D9-40E6-B323-8259536BC276}.Release|iPhone.Build.0 = Release|iPhone
		{53A18596-51D9-40E6-B323-8259536BC276}.Release|iPhone.Deploy.0 = Release|iPhone
		{53A18596-51D9-40E6-B323-8259536BC276}.Release|iPhoneSimulator.ActiveCfg = Release|iPhoneSimulator
		{53A18596-51D9-40E6-B323-8259536BC276}.Release|iPhoneSimulator.Build.0 = Release|iPhoneSimulator
		{53A18596-51D9-40E6-B323-8259536BC276}.Release|iPhoneSimulator.Deploy.0 = Release|iPhoneSimulator
		{53A18596-51D9-40E6-B323-8259536BC276}.Release|x64.ActiveCfg = Release|iPhone
		{53A18596-51D9-40E6-B323-8259536BC276}.Release|x64.Build.0 = Release|iPhone
		{53A18596-51D9-40E6-B323-8259536BC276}.Release|x64.Deploy.0 = Release|iPhone
		{53A18596-51D9-40E6-B323-8259536BC276}.Release|x86.ActiveCfg = Release|iPhone
		{53A18596-51D9-40E6-B323-8259536BC276}.Release|x86.Build.0 = Release|iPhone
		{53A18596-51D9-40E6-B323-8259536BC276}.Release|x86.Deploy.0 = Release|iPhone
		{CAF1BC1E-90E1-4445-B529-B33C0F7FBCC8}.Debug|Any CPU.ActiveCfg = Debug|x86
		{CAF1BC1E-90E1-4445-B529-B33C0F7FBCC8}.Debug|Any CPU.Build.0 = Debug|x86
		{CAF1BC1E-90E1-4445-B529-B33C0F7FBCC8}.Debug|Any CPU.Deploy.0 = Debug|x86
		{CAF1BC1E-90E1-4445-B529-B33C0F7FBCC8}.Debug|ARM.ActiveCfg = Debug|ARM
		{CAF1BC1E-90E1-4445-B529-B33C0F7FBCC8}.Debug|ARM.Build.0 = Debug|ARM
		{CAF1BC1E-90E1-4445-B529-B33C0F7FBCC8}.Debug|ARM.Deploy.0 = Debug|ARM
		{CAF1BC1E-90E1-4445-B529-B33C0F7FBCC8}.Debug|iPhone.ActiveCfg = Debug|x86
		{CAF1BC1E-90E1-4445-B529-B33C0F7FBCC8}.Debug|iPhone.Build.0 = Debug|x86
		{CAF1BC1E-90E1-4445-B529-B33C0F7FBCC8}.Debug|iPhone.Deploy.0 = Debug|x86
		{CAF1BC1E-90E1-4445-B529-B33C0F7FBCC8}.Debug|iPhoneSimulator.ActiveCfg = Debug|x86
		{CAF1BC1E-90E1-4445-B529-B33C0F7FBCC8}.Debug|iPhoneSimulator.Build.0 = Debug|x86
		{CAF1BC1E-90E1-4445-B529-B33C0F7FBCC8}.Debug|iPhoneSimulator.Deploy.0 = Debug|x86
		{CAF1BC1E-90E1-4445-B529-B33C0F7FBCC8}.Debug|x64.ActiveCfg = Debug|x64
		{CAF1BC1E-90E1-4445-B529-B33C0F7FBCC8}.Debug|x64.Build.0 = Debug|x64
		{CAF1BC1E-90E1-4445-B529-B33C0F7FBCC8}.Debug|x64.Deploy.0 = Debug|x64
		{CAF1BC1E-90E1-4445-B529-B33C0F7FBCC8}.Debug|x86.ActiveCfg = Debug|x86
		{CAF1BC1E-90E1-4445-B529-B33C0F7FBCC8}.Debug|x86.Build.0 = Debug|x86
		{CAF1BC1E-90E1-4445-B529-B33C0F7FBCC8}.Debug|x86.Deploy.0 = Debug|x86
		{CAF1BC1E-90E1-4445-B529-B33C0F7FBCC8}.Release|Any CPU.ActiveCfg = Release|x86
		{CAF1BC1E-90E1-4445-B529-B33C0F7FBCC8}.Release|Any CPU.Build.0 = Release|x86
		{CAF1BC1E-90E1-4445-B529-B33C0F7FBCC8}.Release|Any CPU.Deploy.0 = Release|x86
		{CAF1BC1E-90E1-4445-B529-B33C0F7FBCC8}.Release|ARM.ActiveCfg = Release|ARM
		{CAF1BC1E-90E1-4445-B529-B33C0F7FBCC8}.Release|ARM.Build.0 = Release|ARM
		{CAF1BC1E-90E1-4445-B529-B33C0F7FBCC8}.Release|ARM.Deploy.0 = Release|ARM
		{CAF1BC1E-90E1-4445-B529-B33C0F7FBCC8}.Release|iPhone.ActiveCfg = Release|x86
		{CAF1BC1E-90E1-4445-B529-B33C0F7FBCC8}.Release|iPhone.Build.0 = Release|x86
		{CAF1BC1E-90E1-4445-B529-B33C0F7FBCC8}.Release|iPhone.Deploy.0 = Release|x86
		{CAF1BC1E-90E1-4445-B529-B33C0F7FBCC8}.Release|iPhoneSimulator.ActiveCfg = Release|x86
		{CAF1BC1E-90E1-4445-B529-B33C0F7FBCC8}.Release|iPhoneSimulator.Build.0 = Release|x86
		{CAF1BC1E-90E1-4445-B529-B33C0F7FBCC8}.Release|iPhoneSimulator.Deploy.0 = Release|x86
		{CAF1BC1E-90E1-4445-B529-B33C0F7FBCC8}.Release|x64.ActiveCfg = Release|x64
		{CAF1BC1E-90E1-4445-B529-B33C0F7FBCC8}.Release|x64.Build.0 = Release|x64
		{CAF1BC1E-90E1-4445-B529-B33C0F7FBCC8}.Release|x64.Deploy.0 = Release|x64
		{CAF1BC1E-90E1-4445-B529-B33C0F7FBCC8}.Release|x86.ActiveCfg = Release|x86
		{CAF1BC1E-90E1-4445-B529-B33C0F7FBCC8}.Release|x86.Build.0 = Release|x86
		{CAF1BC1E-90E1-4445-B529-B33C0F7FBCC8}.Release|x86.Deploy.0 = Release|x86
		{9B9B7AFD-673C-48A4-9823-31B46A970143}.Debug|Any CPU.ActiveCfg = Debug|Any CPU
		{9B9B7AFD-673C-48A4-9823-31B46A970143}.Debug|Any CPU.Build.0 = Debug|Any CPU
		{9B9B7AFD-673C-48A4-9823-31B46A970143}.Debug|Any CPU.Deploy.0 = Debug|Any CPU
		{9B9B7AFD-673C-48A4-9823-31B46A970143}.Debug|ARM.ActiveCfg = Debug|Any CPU
		{9B9B7AFD-673C-48A4-9823-31B46A970143}.Debug|ARM.Build.0 = Debug|Any CPU
		{9B9B7AFD-673C-48A4-9823-31B46A970143}.Debug|ARM.Deploy.0 = Debug|Any CPU
		{9B9B7AFD-673C-48A4-9823-31B46A970143}.Debug|iPhone.ActiveCfg = Debug|Any CPU
		{9B9B7AFD-673C-48A4-9823-31B46A970143}.Debug|iPhone.Build.0 = Debug|Any CPU
		{9B9B7AFD-673C-48A4-9823-31B46A970143}.Debug|iPhone.Deploy.0 = Debug|Any CPU
		{9B9B7AFD-673C-48A4-9823-31B46A970143}.Debug|iPhoneSimulator.ActiveCfg = Debug|Any CPU
		{9B9B7AFD-673C-48A4-9823-31B46A970143}.Debug|iPhoneSimulator.Build.0 = Debug|Any CPU
		{9B9B7AFD-673C-48A4-9823-31B46A970143}.Debug|iPhoneSimulator.Deploy.0 = Debug|Any CPU
		{9B9B7AFD-673C-48A4-9823-31B46A970143}.Debug|x64.ActiveCfg = Debug|Any CPU
		{9B9B7AFD-673C-48A4-9823-31B46A970143}.Debug|x64.Build.0 = Debug|Any CPU
		{9B9B7AFD-673C-48A4-9823-31B46A970143}.Debug|x64.Deploy.0 = Debug|Any CPU
		{9B9B7AFD-673C-48A4-9823-31B46A970143}.Debug|x86.ActiveCfg = Debug|Any CPU
		{9B9B7AFD-673C-48A4-9823-31B46A970143}.Debug|x86.Build.0 = Debug|Any CPU
		{9B9B7AFD-673C-48A4-9823-31B46A970143}.Debug|x86.Deploy.0 = Debug|Any CPU
		{9B9B7AFD-673C-48A4-9823-31B46A970143}.Release|Any CPU.ActiveCfg = Release|Any CPU
		{9B9B7AFD-673C-48A4-9823-31B46A970143}.Release|Any CPU.Build.0 = Release|Any CPU
		{9B9B7AFD-673C-48A4-9823-31B46A970143}.Release|Any CPU.Deploy.0 = Release|Any CPU
		{9B9B7AFD-673C-48A4-9823-31B46A970143}.Release|ARM.ActiveCfg = Release|Any CPU
		{9B9B7AFD-673C-48A4-9823-31B46A970143}.Release|ARM.Build.0 = Release|Any CPU
		{9B9B7AFD-673C-48A4-9823-31B46A970143}.Release|ARM.Deploy.0 = Release|Any CPU
		{9B9B7AFD-673C-48A4-9823-31B46A970143}.Release|iPhone.ActiveCfg = Release|Any CPU
		{9B9B7AFD-673C-48A4-9823-31B46A970143}.Release|iPhone.Build.0 = Release|Any CPU
		{9B9B7AFD-673C-48A4-9823-31B46A970143}.Release|iPhone.Deploy.0 = Release|Any CPU
		{9B9B7AFD-673C-48A4-9823-31B46A970143}.Release|iPhoneSimulator.ActiveCfg = Release|Any CPU
		{9B9B7AFD-673C-48A4-9823-31B46A970143}.Release|iPhoneSimulator.Build.0 = Release|Any CPU
		{9B9B7AFD-673C-48A4-9823-31B46A970143}.Release|iPhoneSimulator.Deploy.0 = Release|Any CPU
		{9B9B7AFD-673C-48A4-9823-31B46A970143}.Release|x64.ActiveCfg = Release|Any CPU
		{9B9B7AFD-673C-48A4-9823-31B46A970143}.Release|x64.Build.0 = Release|Any CPU
		{9B9B7AFD-673C-48A4-9823-31B46A970143}.Release|x64.Deploy.0 = Release|Any CPU
		{9B9B7AFD-673C-48A4-9823-31B46A970143}.Release|x86.ActiveCfg = Release|Any CPU
		{9B9B7AFD-673C-48A4-9823-31B46A970143}.Release|x86.Build.0 = Release|Any CPU
		{9B9B7AFD-673C-48A4-9823-31B46A970143}.Release|x86.Deploy.0 = Release|Any CPU
	EndGlobalSection
	GlobalSection(SolutionProperties) = preSolution
		HideSolutionNode = FALSE
	EndGlobalSection
	GlobalSection(ExtensibilityGlobals) = postSolution
		SolutionGuid = {B5B398BB-E8D5-4146-BF7B-D13590B3263F}
	EndGlobalSection
EndGlobal
